// !$*UTF8*$!
{
	archiveVersion = 1;
	classes = {
	};
	objectVersion = 46;
	objects = {

/* Begin PBXBuildFile section */
		967E06421CDDA0EA00035B64 /* TicketViewController.m in Sources */ = {isa = PBXBuildFile; fileRef = 967E06411CDDA0EA00035B64 /* TicketViewController.m */; };
		967E06481CDDB31E00035B64 /* SimulationController.m in Sources */ = {isa = PBXBuildFile; fileRef = 967E06471CDDB31E00035B64 /* SimulationController.m */; };
		969E2CAF1CDD9D1C00FB6DAA /* main.m in Sources */ = {isa = PBXBuildFile; fileRef = 969E2CAE1CDD9D1C00FB6DAA /* main.m */; };
		969E2CB21CDD9D1C00FB6DAA /* AppDelegate.m in Sources */ = {isa = PBXBuildFile; fileRef = 969E2CB11CDD9D1C00FB6DAA /* AppDelegate.m */; };
		969E2CB51CDD9D1C00FB6DAA /* ViewController.m in Sources */ = {isa = PBXBuildFile; fileRef = 969E2CB41CDD9D1C00FB6DAA /* ViewController.m */; };
		969E2CB81CDD9D1C00FB6DAA /* Main.storyboard in Resources */ = {isa = PBXBuildFile; fileRef = 969E2CB61CDD9D1C00FB6DAA /* Main.storyboard */; };
		969E2CBA1CDD9D1C00FB6DAA /* Assets.xcassets in Resources */ = {isa = PBXBuildFile; fileRef = 969E2CB91CDD9D1C00FB6DAA /* Assets.xcassets */; };
		969E2CBD1CDD9D1C00FB6DAA /* LaunchScreen.storyboard in Resources */ = {isa = PBXBuildFile; fileRef = 969E2CBB1CDD9D1C00FB6DAA /* LaunchScreen.storyboard */; };
		969E2CC81CDD9D1C00FB6DAA /* NJ_JAMZITTests.m in Sources */ = {isa = PBXBuildFile; fileRef = 969E2CC71CDD9D1C00FB6DAA /* NJ_JAMZITTests.m */; };
		969E2CD31CDD9D1C00FB6DAA /* NJ_JAMZITUITests.m in Sources */ = {isa = PBXBuildFile; fileRef = 969E2CD21CDD9D1C00FB6DAA /* NJ_JAMZITUITests.m */; };
		F1CF3605C24124A783CE6F23 /* libPods-NJ JAMZIT.a in Frameworks */ = {isa = PBXBuildFile; fileRef = 6BD17FBFBDB07661EE2FA240 /* libPods-NJ JAMZIT.a */; };
/* End PBXBuildFile section */

/* Begin PBXContainerItemProxy section */
		969E2CC41CDD9D1C00FB6DAA /* PBXContainerItemProxy */ = {
			isa = PBXContainerItemProxy;
			containerPortal = 969E2CA21CDD9D1B00FB6DAA /* Project object */;
			proxyType = 1;
			remoteGlobalIDString = 969E2CA91CDD9D1B00FB6DAA;
			remoteInfo = "NJ JAMZIT";
		};
		969E2CCF1CDD9D1C00FB6DAA /* PBXContainerItemProxy */ = {
			isa = PBXContainerItemProxy;
			containerPortal = 969E2CA21CDD9D1B00FB6DAA /* Project object */;
			proxyType = 1;
			remoteGlobalIDString = 969E2CA91CDD9D1B00FB6DAA;
			remoteInfo = "NJ JAMZIT";
		};
/* End PBXContainerItemProxy section */

/* Begin PBXFileReference section */
		6BD17FBFBDB07661EE2FA240 /* libPods-NJ JAMZIT.a */ = {isa = PBXFileReference; explicitFileType = archive.ar; includeInIndex = 0; path = "libPods-NJ JAMZIT.a"; sourceTree = BUILT_PRODUCTS_DIR; };
		967E06401CDDA0EA00035B64 /* TicketViewController.h */ = {isa = PBXFileReference; fileEncoding = 4; lastKnownFileType = sourcecode.c.h; path = TicketViewController.h; sourceTree = "<group>"; };
		967E06411CDDA0EA00035B64 /* TicketViewController.m */ = {isa = PBXFileReference; fileEncoding = 4; lastKnownFileType = sourcecode.c.objc; path = TicketViewController.m; sourceTree = "<group>"; };
		967E06461CDDB31E00035B64 /* SimulationController.h */ = {isa = PBXFileReference; fileEncoding = 4; lastKnownFileType = sourcecode.c.h; path = SimulationController.h; sourceTree = "<group>"; };
		967E06471CDDB31E00035B64 /* SimulationController.m */ = {isa = PBXFileReference; fileEncoding = 4; lastKnownFileType = sourcecode.c.objc; path = SimulationController.m; sourceTree = "<group>"; };
		969E2CAA1CDD9D1B00FB6DAA /* NJ JAMZIT.app */ = {isa = PBXFileReference; explicitFileType = wrapper.application; includeInIndex = 0; path = "NJ JAMZIT.app"; sourceTree = BUILT_PRODUCTS_DIR; };
		969E2CAE1CDD9D1C00FB6DAA /* main.m */ = {isa = PBXFileReference; lastKnownFileType = sourcecode.c.objc; path = main.m; sourceTree = "<group>"; };
		969E2CB01CDD9D1C00FB6DAA /* AppDelegate.h */ = {isa = PBXFileReference; lastKnownFileType = sourcecode.c.h; path = AppDelegate.h; sourceTree = "<group>"; };
		969E2CB11CDD9D1C00FB6DAA /* AppDelegate.m */ = {isa = PBXFileReference; lastKnownFileType = sourcecode.c.objc; path = AppDelegate.m; sourceTree = "<group>"; };
		969E2CB31CDD9D1C00FB6DAA /* ViewController.h */ = {isa = PBXFileReference; lastKnownFileType = sourcecode.c.h; path = ViewController.h; sourceTree = "<group>"; };
		969E2CB41CDD9D1C00FB6DAA /* ViewController.m */ = {isa = PBXFileReference; lastKnownFileType = sourcecode.c.objc; path = ViewController.m; sourceTree = "<group>"; };
		969E2CB71CDD9D1C00FB6DAA /* Base */ = {isa = PBXFileReference; lastKnownFileType = file.storyboard; name = Base; path = Base.lproj/Main.storyboard; sourceTree = "<group>"; };
		969E2CB91CDD9D1C00FB6DAA /* Assets.xcassets */ = {isa = PBXFileReference; lastKnownFileType = folder.assetcatalog; path = Assets.xcassets; sourceTree = "<group>"; };
		969E2CBC1CDD9D1C00FB6DAA /* Base */ = {isa = PBXFileReference; lastKnownFileType = file.storyboard; name = Base; path = Base.lproj/LaunchScreen.storyboard; sourceTree = "<group>"; };
		969E2CBE1CDD9D1C00FB6DAA /* Info.plist */ = {isa = PBXFileReference; lastKnownFileType = text.plist.xml; path = Info.plist; sourceTree = "<group>"; };
		969E2CC31CDD9D1C00FB6DAA /* NJ JAMZITTests.xctest */ = {isa = PBXFileReference; explicitFileType = wrapper.cfbundle; includeInIndex = 0; path = "NJ JAMZITTests.xctest"; sourceTree = BUILT_PRODUCTS_DIR; };
		969E2CC71CDD9D1C00FB6DAA /* NJ_JAMZITTests.m */ = {isa = PBXFileReference; lastKnownFileType = sourcecode.c.objc; path = NJ_JAMZITTests.m; sourceTree = "<group>"; };
		969E2CC91CDD9D1C00FB6DAA /* Info.plist */ = {isa = PBXFileReference; lastKnownFileType = text.plist.xml; path = Info.plist; sourceTree = "<group>"; };
		969E2CCE1CDD9D1C00FB6DAA /* NJ JAMZITUITests.xctest */ = {isa = PBXFileReference; explicitFileType = wrapper.cfbundle; includeInIndex = 0; path = "NJ JAMZITUITests.xctest"; sourceTree = BUILT_PRODUCTS_DIR; };
		969E2CD21CDD9D1C00FB6DAA /* NJ_JAMZITUITests.m */ = {isa = PBXFileReference; lastKnownFileType = sourcecode.c.objc; path = NJ_JAMZITUITests.m; sourceTree = "<group>"; };
		969E2CD41CDD9D1C00FB6DAA /* Info.plist */ = {isa = PBXFileReference; lastKnownFileType = text.plist.xml; path = Info.plist; sourceTree = "<group>"; };
		A8B18851B7349F162283BA56 /* Pods-NJ JAMZIT.debug.xcconfig */ = {isa = PBXFileReference; includeInIndex = 1; lastKnownFileType = text.xcconfig; name = "Pods-NJ JAMZIT.debug.xcconfig"; path = "Pods/Target Support Files/Pods-NJ JAMZIT/Pods-NJ JAMZIT.debug.xcconfig"; sourceTree = "<group>"; };
		CFE56B868AFF82E6B91B4A9D /* Pods-NJ JAMZIT.release.xcconfig */ = {isa = PBXFileReference; includeInIndex = 1; lastKnownFileType = text.xcconfig; name = "Pods-NJ JAMZIT.release.xcconfig"; path = "Pods/Target Support Files/Pods-NJ JAMZIT/Pods-NJ JAMZIT.release.xcconfig"; sourceTree = "<group>"; };
/* End PBXFileReference section */

/* Begin PBXFrameworksBuildPhase section */
		969E2CA71CDD9D1B00FB6DAA /* Frameworks */ = {
			isa = PBXFrameworksBuildPhase;
			buildActionMask = 2147483647;
			files = (
				F1CF3605C24124A783CE6F23 /* libPods-NJ JAMZIT.a in Frameworks */,
			);
			runOnlyForDeploymentPostprocessing = 0;
		};
		969E2CC01CDD9D1C00FB6DAA /* Frameworks */ = {
			isa = PBXFrameworksBuildPhase;
			buildActionMask = 2147483647;
			files = (
			);
			runOnlyForDeploymentPostprocessing = 0;
		};
		969E2CCB1CDD9D1C00FB6DAA /* Frameworks */ = {
			isa = PBXFrameworksBuildPhase;
			buildActionMask = 2147483647;
			files = (
			);
			runOnlyForDeploymentPostprocessing = 0;
		};
/* End PBXFrameworksBuildPhase section */

/* Begin PBXGroup section */
		969E2CA11CDD9D1B00FB6DAA = {
			isa = PBXGroup;
			children = (
				969E2CAC1CDD9D1C00FB6DAA /* NJ JAMZIT */,
				969E2CC61CDD9D1C00FB6DAA /* NJ JAMZITTests */,
				969E2CD11CDD9D1C00FB6DAA /* NJ JAMZITUITests */,
				969E2CAB1CDD9D1B00FB6DAA /* Products */,
				B123CE6653EFA46441184682 /* Pods */,
				9A91AADAD91A0408D7DA274E /* Frameworks */,
			);
			sourceTree = "<group>";
		};
		969E2CAB1CDD9D1B00FB6DAA /* Products */ = {
			isa = PBXGroup;
			children = (
				969E2CAA1CDD9D1B00FB6DAA /* NJ JAMZIT.app */,
				969E2CC31CDD9D1C00FB6DAA /* NJ JAMZITTests.xctest */,
				969E2CCE1CDD9D1C00FB6DAA /* NJ JAMZITUITests.xctest */,
			);
			name = Products;
			sourceTree = "<group>";
		};
		969E2CAC1CDD9D1C00FB6DAA /* NJ JAMZIT */ = {
			isa = PBXGroup;
			children = (
				969E2CB01CDD9D1C00FB6DAA /* AppDelegate.h */,
				969E2CB11CDD9D1C00FB6DAA /* AppDelegate.m */,
				969E2CB31CDD9D1C00FB6DAA /* ViewController.h */,
				969E2CB41CDD9D1C00FB6DAA /* ViewController.m */,
				967E06461CDDB31E00035B64 /* SimulationController.h */,
				967E06471CDDB31E00035B64 /* SimulationController.m */,
				967E06401CDDA0EA00035B64 /* TicketViewController.h */,
				967E06411CDDA0EA00035B64 /* TicketViewController.m */,
				969E2CB61CDD9D1C00FB6DAA /* Main.storyboard */,
				969E2CB91CDD9D1C00FB6DAA /* Assets.xcassets */,
				969E2CBB1CDD9D1C00FB6DAA /* LaunchScreen.storyboard */,
				969E2CBE1CDD9D1C00FB6DAA /* Info.plist */,
				969E2CAD1CDD9D1C00FB6DAA /* Supporting Files */,
			);
			path = "NJ JAMZIT";
			sourceTree = "<group>";
		};
		969E2CAD1CDD9D1C00FB6DAA /* Supporting Files */ = {
			isa = PBXGroup;
			children = (
				969E2CAE1CDD9D1C00FB6DAA /* main.m */,
			);
			name = "Supporting Files";
			sourceTree = "<group>";
		};
		969E2CC61CDD9D1C00FB6DAA /* NJ JAMZITTests */ = {
			isa = PBXGroup;
			children = (
				969E2CC71CDD9D1C00FB6DAA /* NJ_JAMZITTests.m */,
				969E2CC91CDD9D1C00FB6DAA /* Info.plist */,
			);
			path = "NJ JAMZITTests";
			sourceTree = "<group>";
		};
		969E2CD11CDD9D1C00FB6DAA /* NJ JAMZITUITests */ = {
			isa = PBXGroup;
			children = (
				969E2CD21CDD9D1C00FB6DAA /* NJ_JAMZITUITests.m */,
				969E2CD41CDD9D1C00FB6DAA /* Info.plist */,
			);
			path = "NJ JAMZITUITests";
			sourceTree = "<group>";
		};
		9A91AADAD91A0408D7DA274E /* Frameworks */ = {
			isa = PBXGroup;
			children = (
				6BD17FBFBDB07661EE2FA240 /* libPods-NJ JAMZIT.a */,
			);
			name = Frameworks;
			sourceTree = "<group>";
		};
		B123CE6653EFA46441184682 /* Pods */ = {
			isa = PBXGroup;
			children = (
				A8B18851B7349F162283BA56 /* Pods-NJ JAMZIT.debug.xcconfig */,
				CFE56B868AFF82E6B91B4A9D /* Pods-NJ JAMZIT.release.xcconfig */,
			);
			name = Pods;
			sourceTree = "<group>";
		};
/* End PBXGroup section */

/* Begin PBXNativeTarget section */
		969E2CA91CDD9D1B00FB6DAA /* NJ JAMZIT */ = {
			isa = PBXNativeTarget;
			buildConfigurationList = 969E2CD71CDD9D1C00FB6DAA /* Build configuration list for PBXNativeTarget "NJ JAMZIT" */;
			buildPhases = (
				EAC5AD88CB78D1DF76E07872 /* Check Pods Manifest.lock */,
				969E2CA61CDD9D1B00FB6DAA /* Sources */,
				969E2CA71CDD9D1B00FB6DAA /* Frameworks */,
				969E2CA81CDD9D1B00FB6DAA /* Resources */,
				585B7AD8ECF9EFC3003D9145 /* Embed Pods Frameworks */,
				57C458890B9A470EC7791DD5 /* Copy Pods Resources */,
			);
			buildRules = (
			);
			dependencies = (
			);
			name = "NJ JAMZIT";
			productName = "NJ JAMZIT";
			productReference = 969E2CAA1CDD9D1B00FB6DAA /* NJ JAMZIT.app */;
			productType = "com.apple.product-type.application";
		};
		969E2CC21CDD9D1C00FB6DAA /* NJ JAMZITTests */ = {
			isa = PBXNativeTarget;
			buildConfigurationList = 969E2CDA1CDD9D1C00FB6DAA /* Build configuration list for PBXNativeTarget "NJ JAMZITTests" */;
			buildPhases = (
				969E2CBF1CDD9D1C00FB6DAA /* Sources */,
				969E2CC01CDD9D1C00FB6DAA /* Frameworks */,
				969E2CC11CDD9D1C00FB6DAA /* Resources */,
			);
			buildRules = (
			);
			dependencies = (
				969E2CC51CDD9D1C00FB6DAA /* PBXTargetDependency */,
			);
			name = "NJ JAMZITTests";
			productName = "NJ JAMZITTests";
			productReference = 969E2CC31CDD9D1C00FB6DAA /* NJ JAMZITTests.xctest */;
			productType = "com.apple.product-type.bundle.unit-test";
		};
		969E2CCD1CDD9D1C00FB6DAA /* NJ JAMZITUITests */ = {
			isa = PBXNativeTarget;
			buildConfigurationList = 969E2CDD1CDD9D1C00FB6DAA /* Build configuration list for PBXNativeTarget "NJ JAMZITUITests" */;
			buildPhases = (
				969E2CCA1CDD9D1C00FB6DAA /* Sources */,
				969E2CCB1CDD9D1C00FB6DAA /* Frameworks */,
				969E2CCC1CDD9D1C00FB6DAA /* Resources */,
			);
			buildRules = (
			);
			dependencies = (
				969E2CD01CDD9D1C00FB6DAA /* PBXTargetDependency */,
			);
			name = "NJ JAMZITUITests";
			productName = "NJ JAMZITUITests";
			productReference = 969E2CCE1CDD9D1C00FB6DAA /* NJ JAMZITUITests.xctest */;
			productType = "com.apple.product-type.bundle.ui-testing";
		};
/* End PBXNativeTarget section */

/* Begin PBXProject section */
		969E2CA21CDD9D1B00FB6DAA /* Project object */ = {
			isa = PBXProject;
			attributes = {
				LastUpgradeCheck = 0730;
				ORGANIZATIONNAME = "jason harris";
				TargetAttributes = {
					969E2CA91CDD9D1B00FB6DAA = {
						CreatedOnToolsVersion = 7.3.1;
					};
					969E2CC21CDD9D1C00FB6DAA = {
						CreatedOnToolsVersion = 7.3.1;
						TestTargetID = 969E2CA91CDD9D1B00FB6DAA;
					};
					969E2CCD1CDD9D1C00FB6DAA = {
						CreatedOnToolsVersion = 7.3.1;
						TestTargetID = 969E2CA91CDD9D1B00FB6DAA;
					};
				};
			};
			buildConfigurationList = 969E2CA51CDD9D1B00FB6DAA /* Build configuration list for PBXProject "NJ JAMZIT" */;
			compatibilityVersion = "Xcode 3.2";
			developmentRegion = English;
			hasScannedForEncodings = 0;
			knownRegions = (
				en,
				Base,
			);
			mainGroup = 969E2CA11CDD9D1B00FB6DAA;
			productRefGroup = 969E2CAB1CDD9D1B00FB6DAA /* Products */;
			projectDirPath = "";
			projectRoot = "";
			targets = (
				969E2CA91CDD9D1B00FB6DAA /* NJ JAMZIT */,
				969E2CC21CDD9D1C00FB6DAA /* NJ JAMZITTests */,
				969E2CCD1CDD9D1C00FB6DAA /* NJ JAMZITUITests */,
			);
		};
/* End PBXProject section */

/* Begin PBXResourcesBuildPhase section */
		969E2CA81CDD9D1B00FB6DAA /* Resources */ = {
			isa = PBXResourcesBuildPhase;
			buildActionMask = 2147483647;
			files = (
				969E2CBD1CDD9D1C00FB6DAA /* LaunchScreen.storyboard in Resources */,
				969E2CBA1CDD9D1C00FB6DAA /* Assets.xcassets in Resources */,
				969E2CB81CDD9D1C00FB6DAA /* Main.storyboard in Resources */,
			);
			runOnlyForDeploymentPostprocessing = 0;
		};
		969E2CC11CDD9D1C00FB6DAA /* Resources */ = {
			isa = PBXResourcesBuildPhase;
			buildActionMask = 2147483647;
			files = (
			);
			runOnlyForDeploymentPostprocessing = 0;
		};
		969E2CCC1CDD9D1C00FB6DAA /* Resources */ = {
			isa = PBXResourcesBuildPhase;
			buildActionMask = 2147483647;
			files = (
			);
			runOnlyForDeploymentPostprocessing = 0;
		};
/* End PBXResourcesBuildPhase section */

/* Begin PBXShellScriptBuildPhase section */
		57C458890B9A470EC7791DD5 /* Copy Pods Resources */ = {
			isa = PBXShellScriptBuildPhase;
			buildActionMask = 2147483647;
			files = (
			);
			inputPaths = (
			);
			name = "Copy Pods Resources";
			outputPaths = (
			);
			runOnlyForDeploymentPostprocessing = 0;
			shellPath = /bin/sh;
			shellScript = "\"${SRCROOT}/Pods/Target Support Files/Pods-NJ JAMZIT/Pods-NJ JAMZIT-resources.sh\"\n";
			showEnvVarsInLog = 0;
		};
		585B7AD8ECF9EFC3003D9145 /* Embed Pods Frameworks */ = {
			isa = PBXShellScriptBuildPhase;
			buildActionMask = 2147483647;
			files = (
			);
			inputPaths = (
			);
			name = "Embed Pods Frameworks";
			outputPaths = (
			);
			runOnlyForDeploymentPostprocessing = 0;
			shellPath = /bin/sh;
			shellScript = "\"${SRCROOT}/Pods/Target Support Files/Pods-NJ JAMZIT/Pods-NJ JAMZIT-frameworks.sh\"\n";
			showEnvVarsInLog = 0;
		};
		EAC5AD88CB78D1DF76E07872 /* Check Pods Manifest.lock */ = {
			isa = PBXShellScriptBuildPhase;
			buildActionMask = 2147483647;
			files = (
			);
			inputPaths = (
			);
			name = "Check Pods Manifest.lock";
			outputPaths = (
			);
			runOnlyForDeploymentPostprocessing = 0;
			shellPath = /bin/sh;
			shellScript = "diff \"${PODS_ROOT}/../Podfile.lock\" \"${PODS_ROOT}/Manifest.lock\" > /dev/null\nif [[ $? != 0 ]] ; then\n    cat << EOM\nerror: The sandbox is not in sync with the Podfile.lock. Run 'pod install' or update your CocoaPods installation.\nEOM\n    exit 1\nfi\n";
			showEnvVarsInLog = 0;
		};
/* End PBXShellScriptBuildPhase section */

/* Begin PBXSourcesBuildPhase section */
		969E2CA61CDD9D1B00FB6DAA /* Sources */ = {
			isa = PBXSourcesBuildPhase;
			buildActionMask = 2147483647;
			files = (
				967E06421CDDA0EA00035B64 /* TicketViewController.m in Sources */,
				969E2CB51CDD9D1C00FB6DAA /* ViewController.m in Sources */,
				969E2CB21CDD9D1C00FB6DAA /* AppDelegate.m in Sources */,
				967E06481CDDB31E00035B64 /* SimulationController.m in Sources */,
				969E2CAF1CDD9D1C00FB6DAA /* main.m in Sources */,
			);
			runOnlyForDeploymentPostprocessing = 0;
		};
		969E2CBF1CDD9D1C00FB6DAA /* Sources */ = {
			isa = PBXSourcesBuildPhase;
			buildActionMask = 2147483647;
			files = (
				969E2CC81CDD9D1C00FB6DAA /* NJ_JAMZITTests.m in Sources */,
			);
			runOnlyForDeploymentPostprocessing = 0;
		};
		969E2CCA1CDD9D1C00FB6DAA /* Sources */ = {
			isa = PBXSourcesBuildPhase;
			buildActionMask = 2147483647;
			files = (
				969E2CD31CDD9D1C00FB6DAA /* NJ_JAMZITUITests.m in Sources */,
			);
			runOnlyForDeploymentPostprocessing = 0;
		};
/* End PBXSourcesBuildPhase section */

/* Begin PBXTargetDependency section */
		969E2CC51CDD9D1C00FB6DAA /* PBXTargetDependency */ = {
			isa = PBXTargetDependency;
			target = 969E2CA91CDD9D1B00FB6DAA /* NJ JAMZIT */;
			targetProxy = 969E2CC41CDD9D1C00FB6DAA /* PBXContainerItemProxy */;
		};
		969E2CD01CDD9D1C00FB6DAA /* PBXTargetDependency */ = {
			isa = PBXTargetDependency;
			target = 969E2CA91CDD9D1B00FB6DAA /* NJ JAMZIT */;
			targetProxy = 969E2CCF1CDD9D1C00FB6DAA /* PBXContainerItemProxy */;
		};
/* End PBXTargetDependency section */

/* Begin PBXVariantGroup section */
		969E2CB61CDD9D1C00FB6DAA /* Main.storyboard */ = {
			isa = PBXVariantGroup;
			children = (
				969E2CB71CDD9D1C00FB6DAA /* Base */,
			);
			name = Main.storyboard;
			sourceTree = "<group>";
		};
		969E2CBB1CDD9D1C00FB6DAA /* LaunchScreen.storyboard */ = {
			isa = PBXVariantGroup;
			children = (
				969E2CBC1CDD9D1C00FB6DAA /* Base */,
			);
			name = LaunchScreen.storyboard;
			sourceTree = "<group>";
		};
/* End PBXVariantGroup section */

/* Begin XCBuildConfiguration section */
		969E2CD51CDD9D1C00FB6DAA /* Debug */ = {
			isa = XCBuildConfiguration;
			buildSettings = {
				ALWAYS_SEARCH_USER_PATHS = NO;
				CLANG_ANALYZER_NONNULL = YES;
				CLANG_CXX_LANGUAGE_STANDARD = "gnu++0x";
				CLANG_CXX_LIBRARY = "libc++";
				CLANG_ENABLE_MODULES = YES;
				CLANG_ENABLE_OBJC_ARC = YES;
				CLANG_WARN_BOOL_CONVERSION = YES;
				CLANG_WARN_CONSTANT_CONVERSION = YES;
				CLANG_WARN_DIRECT_OBJC_ISA_USAGE = YES_ERROR;
				CLANG_WARN_EMPTY_BODY = YES;
				CLANG_WARN_ENUM_CONVERSION = YES;
				CLANG_WARN_INT_CONVERSION = YES;
				CLANG_WARN_OBJC_ROOT_CLASS = YES_ERROR;
				CLANG_WARN_UNREACHABLE_CODE = YES;
				CLANG_WARN__DUPLICATE_METHOD_MATCH = YES;
				"CODE_SIGN_IDENTITY[sdk=iphoneos*]" = "iPhone Developer";
				COPY_PHASE_STRIP = NO;
				DEBUG_INFORMATION_FORMAT = dwarf;
				ENABLE_STRICT_OBJC_MSGSEND = YES;
				ENABLE_TESTABILITY = YES;
				GCC_C_LANGUAGE_STANDARD = gnu99;
				GCC_DYNAMIC_NO_PIC = NO;
				GCC_NO_COMMON_BLOCKS = YES;
				GCC_OPTIMIZATION_LEVEL = 0;
				GCC_PREPROCESSOR_DEFINITIONS = (
					"DEBUG=1",
					"$(inherited)",
				);
				GCC_WARN_64_TO_32_BIT_CONVERSION = YES;
				GCC_WARN_ABOUT_RETURN_TYPE = YES_ERROR;
				GCC_WARN_UNDECLARED_SELECTOR = YES;
				GCC_WARN_UNINITIALIZED_AUTOS = YES_AGGRESSIVE;
				GCC_WARN_UNUSED_FUNCTION = YES;
				GCC_WARN_UNUSED_VARIABLE = YES;
				IPHONEOS_DEPLOYMENT_TARGET = 9.3;
				MTL_ENABLE_DEBUG_INFO = YES;
				ONLY_ACTIVE_ARCH = YES;
				SDKROOT = iphoneos;
				TARGETED_DEVICE_FAMILY = "1,2";
			};
			name = Debug;
		};
		969E2CD61CDD9D1C00FB6DAA /* Release */ = {
			isa = XCBuildConfiguration;
			buildSettings = {
				ALWAYS_SEARCH_USER_PATHS = NO;
				CLANG_ANALYZER_NONNULL = YES;
				CLANG_CXX_LANGUAGE_STANDARD = "gnu++0x";
				CLANG_CXX_LIBRARY = "libc++";
				CLANG_ENABLE_MODULES = YES;
				CLANG_ENABLE_OBJC_ARC = YES;
				CLANG_WARN_BOOL_CONVERSION = YES;
				CLANG_WARN_CONSTANT_CONVERSION = YES;
				CLANG_WARN_DIRECT_OBJC_ISA_USAGE = YES_ERROR;
				CLANG_WARN_EMPTY_BODY = YES;
				CLANG_WARN_ENUM_CONVERSION = YES;
				CLANG_WARN_INT_CONVERSION = YES;
				CLANG_WARN_OBJC_ROOT_CLASS = YES_ERROR;
				CLANG_WARN_UNREACHABLE_CODE = YES;
				CLANG_WARN__DUPLICATE_METHOD_MATCH = YES;
				"CODE_SIGN_IDENTITY[sdk=iphoneos*]" = "iPhone Developer";
				COPY_PHASE_STRIP = NO;
				DEBUG_INFORMATION_FORMAT = "dwarf-with-dsym";
				ENABLE_NS_ASSERTIONS = NO;
				ENABLE_STRICT_OBJC_MSGSEND = YES;
				GCC_C_LANGUAGE_STANDARD = gnu99;
				GCC_NO_COMMON_BLOCKS = YES;
				GCC_WARN_64_TO_32_BIT_CONVERSION = YES;
				GCC_WARN_ABOUT_RETURN_TYPE = YES_ERROR;
				GCC_WARN_UNDECLARED_SELECTOR = YES;
				GCC_WARN_UNINITIALIZED_AUTOS = YES_AGGRESSIVE;
				GCC_WARN_UNUSED_FUNCTION = YES;
				GCC_WARN_UNUSED_VARIABLE = YES;
				IPHONEOS_DEPLOYMENT_TARGET = 9.3;
				MTL_ENABLE_DEBUG_INFO = NO;
				SDKROOT = iphoneos;
				TARGETED_DEVICE_FAMILY = "1,2";
				VALIDATE_PRODUCT = YES;
			};
			name = Release;
		};
		969E2CD81CDD9D1C00FB6DAA /* Debug */ = {
			isa = XCBuildConfiguration;
			baseConfigurationReference = A8B18851B7349F162283BA56 /* Pods-NJ JAMZIT.debug.xcconfig */;
			buildSettings = {
				ASSETCATALOG_COMPILER_APPICON_NAME = AppIcon;
				INFOPLIST_FILE = "NJ JAMZIT/Info.plist";
				LD_RUNPATH_SEARCH_PATHS = "$(inherited) @executable_path/Frameworks";
				PRODUCT_BUNDLE_IDENTIFIER = "jason.harris.NJ-JAMZIT";
				PRODUCT_NAME = "$(TARGET_NAME)";
			};
			name = Debug;
		};
		969E2CD91CDD9D1C00FB6DAA /* Release */ = {
			isa = XCBuildConfiguration;
			baseConfigurationReference = CFE56B868AFF82E6B91B4A9D /* Pods-NJ JAMZIT.release.xcconfig */;
			buildSettings = {
				ASSETCATALOG_COMPILER_APPICON_NAME = AppIcon;
				INFOPLIST_FILE = "NJ JAMZIT/Info.plist";
				LD_RUNPATH_SEARCH_PATHS = "$(inherited) @executable_path/Frameworks";
				PRODUCT_BUNDLE_IDENTIFIER = "jason.harris.NJ-JAMZIT";
				PRODUCT_NAME = "$(TARGET_NAME)";
			};
			name = Release;
		};
		969E2CDB1CDD9D1C00FB6DAA /* Debug */ = {
			isa = XCBuildConfiguration;
			buildSettings = {
				BUNDLE_LOADER = "$(TEST_HOST)";
				INFOPLIST_FILE = "NJ JAMZITTests/Info.plist";
				LD_RUNPATH_SEARCH_PATHS = "$(inherited) @executable_path/Frameworks @loader_path/Frameworks";
				PRODUCT_BUNDLE_IDENTIFIER = "jason.harris.NJ-JAMZITTests";
				PRODUCT_NAME = "$(TARGET_NAME)";
				TEST_HOST = "$(BUILT_PRODUCTS_DIR)/NJ JAMZIT.app/NJ JAMZIT";
			};
			name = Debug;
		};
		969E2CDC1CDD9D1C00FB6DAA /* Release */ = {
			isa = XCBuildConfiguration;
			buildSettings = {
				BUNDLE_LOADER = "$(TEST_HOST)";
				INFOPLIST_FILE = "NJ JAMZITTests/Info.plist";
				LD_RUNPATH_SEARCH_PATHS = "$(inherited) @executable_path/Frameworks @loader_path/Frameworks";
				PRODUCT_BUNDLE_IDENTIFIER = "jason.harris.NJ-JAMZITTests";
				PRODUCT_NAME = "$(TARGET_NAME)";
				TEST_HOST = "$(BUILT_PRODUCTS_DIR)/NJ JAMZIT.app/NJ JAMZIT";
			};
			name = Release;
		};
		969E2CDE1CDD9D1C00FB6DAA /* Debug */ = {
			isa = XCBuildConfiguration;
			buildSettings = {
				INFOPLIST_FILE = "NJ JAMZITUITests/Info.plist";
				LD_RUNPATH_SEARCH_PATHS = "$(inherited) @executable_path/Frameworks @loader_path/Frameworks";
				PRODUCT_BUNDLE_IDENTIFIER = "jason.harris.NJ-JAMZITUITests";
				PRODUCT_NAME = "$(TARGET_NAME)";
				TEST_TARGET_NAME = "NJ JAMZIT";
			};
			name = Debug;
		};
		969E2CDF1CDD9D1C00FB6DAA /* Release */ = {
			isa = XCBuildConfiguration;
			buildSettings = {
				INFOPLIST_FILE = "NJ JAMZITUITests/Info.plist";
				LD_RUNPATH_SEARCH_PATHS = "$(inherited) @executable_path/Frameworks @loader_path/Frameworks";
				PRODUCT_BUNDLE_IDENTIFIER = "jason.harris.NJ-JAMZITUITests";
				PRODUCT_NAME = "$(TARGET_NAME)";
				TEST_TARGET_NAME = "NJ JAMZIT";
			};
			name = Release;
		};
/* End XCBuildConfiguration section */

/* Begin XCConfigurationList section */
		969E2CA51CDD9D1B00FB6DAA /* Build configuration list for PBXProject "NJ JAMZIT" */ = {
			isa = XCConfigurationList;
			buildConfigurations = (
				969E2CD51CDD9D1C00FB6DAA /* Debug */,
				969E2CD61CDD9D1C00FB6DAA /* Release */,
			);
			defaultConfigurationIsVisible = 0;
			defaultConfigurationName = Release;
		};
		969E2CD71CDD9D1C00FB6DAA /* Build configuration list for PBXNativeTarget "NJ JAMZIT" */ = {
			isa = XCConfigurationList;
			buildConfigurations = (
				969E2CD81CDD9D1C00FB6DAA /* Debug */,
				969E2CD91CDD9D1C00FB6DAA /* Release */,
			);
			defaultConfigurationIsVisible = 0;
			defaultConfigurationName = Release;
		};
		969E2CDA1CDD9D1C00FB6DAA /* Build configuration list for PBXNativeTarget "NJ JAMZITTests" */ = {
			isa = XCConfigurationList;
			buildConfigurations = (
				969E2CDB1CDD9D1C00FB6DAA /* Debug */,
				969E2CDC1CDD9D1C00FB6DAA /* Release */,
			);
			defaultConfigurationIsVisible = 0;
			defaultConfigurationName = Release;
		};
		969E2CDD1CDD9D1C00FB6DAA /* Build configuration list for PBXNativeTarget "NJ JAMZITUITests" */ = {
			isa = XCConfigurationList;
			buildConfigurations = (
				969E2CDE1CDD9D1C00FB6DAA /* Debug */,
				969E2CDF1CDD9D1C00FB6DAA /* Release */,
			);
			defaultConfigurationIsVisible = 0;
			defaultConfigurationName = Release;
		};
/* End XCConfigurationList section */
	};
	rootObject = 969E2CA21CDD9D1B00FB6DAA /* Project object */;
}
