<?xml version="1.0" encoding="UTF-8"?>
<!DOCTYPE plist PUBLIC "-//Apple//DTD PLIST 1.0//EN" "http://www.apple.com/DTDs/PropertyList-1.0.dtd">
<plist version="1.0">
<dict>
	<key>archiveVersion</key>
	<string>1</string>
	<key>classes</key>
	<dict/>
	<key>objectVersion</key>
	<string>46</string>
	<key>objects</key>
	<dict>
		<key>57C458890B9A470EC7791DD5</key>
		<dict>
			<key>buildActionMask</key>
			<string>2147483647</string>
			<key>files</key>
			<array/>
			<key>inputPaths</key>
			<array/>
			<key>isa</key>
			<string>PBXShellScriptBuildPhase</string>
			<key>name</key>
			<string>Copy Pods Resources</string>
			<key>outputPaths</key>
			<array/>
			<key>runOnlyForDeploymentPostprocessing</key>
			<string>0</string>
			<key>shellPath</key>
			<string>/bin/sh</string>
			<key>shellScript</key>
			<string>"${SRCROOT}/Pods/Target Support Files/Pods-NJ JAMZIT/Pods-NJ JAMZIT-resources.sh"
</string>
			<key>showEnvVarsInLog</key>
			<string>0</string>
		</dict>
		<key>585B7AD8ECF9EFC3003D9145</key>
		<dict>
			<key>buildActionMask</key>
			<string>2147483647</string>
			<key>files</key>
			<array/>
			<key>inputPaths</key>
			<array/>
			<key>isa</key>
			<string>PBXShellScriptBuildPhase</string>
			<key>name</key>
			<string>Embed Pods Frameworks</string>
			<key>outputPaths</key>
			<array/>
			<key>runOnlyForDeploymentPostprocessing</key>
			<string>0</string>
			<key>shellPath</key>
			<string>/bin/sh</string>
			<key>shellScript</key>
			<string>"${SRCROOT}/Pods/Target Support Files/Pods-NJ JAMZIT/Pods-NJ JAMZIT-frameworks.sh"
</string>
			<key>showEnvVarsInLog</key>
			<string>0</string>
		</dict>
		<key>6BD17FBFBDB07661EE2FA240</key>
		<dict>
			<key>explicitFileType</key>
			<string>archive.ar</string>
			<key>includeInIndex</key>
			<string>0</string>
			<key>isa</key>
			<string>PBXFileReference</string>
			<key>path</key>
			<string>libPods-NJ JAMZIT.a</string>
			<key>sourceTree</key>
			<string>BUILT_PRODUCTS_DIR</string>
		</dict>
		<key>969E2CA11CDD9D1B00FB6DAA</key>
		<dict>
			<key>children</key>
			<array>
				<string>969E2CAC1CDD9D1C00FB6DAA</string>
				<string>969E2CC61CDD9D1C00FB6DAA</string>
				<string>969E2CD11CDD9D1C00FB6DAA</string>
				<string>969E2CAB1CDD9D1B00FB6DAA</string>
				<string>B123CE6653EFA46441184682</string>
				<string>9A91AADAD91A0408D7DA274E</string>
			</array>
			<key>isa</key>
			<string>PBXGroup</string>
			<key>sourceTree</key>
			<string>&lt;group&gt;</string>
		</dict>
		<key>969E2CA21CDD9D1B00FB6DAA</key>
		<dict>
			<key>attributes</key>
			<dict>
				<key>LastUpgradeCheck</key>
				<string>0730</string>
				<key>ORGANIZATIONNAME</key>
				<string>jason harris</string>
				<key>TargetAttributes</key>
				<dict>
					<key>969E2CA91CDD9D1B00FB6DAA</key>
					<dict>
						<key>CreatedOnToolsVersion</key>
						<string>7.3.1</string>
					</dict>
					<key>969E2CC21CDD9D1C00FB6DAA</key>
					<dict>
						<key>CreatedOnToolsVersion</key>
						<string>7.3.1</string>
						<key>TestTargetID</key>
						<string>969E2CA91CDD9D1B00FB6DAA</string>
					</dict>
					<key>969E2CCD1CDD9D1C00FB6DAA</key>
					<dict>
						<key>CreatedOnToolsVersion</key>
						<string>7.3.1</string>
						<key>TestTargetID</key>
						<string>969E2CA91CDD9D1B00FB6DAA</string>
					</dict>
				</dict>
			</dict>
			<key>buildConfigurationList</key>
			<string>969E2CA51CDD9D1B00FB6DAA</string>
			<key>compatibilityVersion</key>
			<string>Xcode 3.2</string>
			<key>developmentRegion</key>
			<string>English</string>
			<key>hasScannedForEncodings</key>
			<string>0</string>
			<key>isa</key>
			<string>PBXProject</string>
			<key>knownRegions</key>
			<array>
				<string>en</string>
				<string>Base</string>
			</array>
			<key>mainGroup</key>
			<string>969E2CA11CDD9D1B00FB6DAA</string>
			<key>productRefGroup</key>
			<string>969E2CAB1CDD9D1B00FB6DAA</string>
			<key>projectDirPath</key>
			<string></string>
			<key>projectReferences</key>
			<array/>
			<key>projectRoot</key>
			<string></string>
			<key>targets</key>
			<array>
				<string>969E2CA91CDD9D1B00FB6DAA</string>
				<string>969E2CC21CDD9D1C00FB6DAA</string>
				<string>969E2CCD1CDD9D1C00FB6DAA</string>
			</array>
		</dict>
		<key>969E2CA51CDD9D1B00FB6DAA</key>
		<dict>
			<key>buildConfigurations</key>
			<array>
				<string>969E2CD51CDD9D1C00FB6DAA</string>
				<string>969E2CD61CDD9D1C00FB6DAA</string>
			</array>
			<key>defaultConfigurationIsVisible</key>
			<string>0</string>
			<key>defaultConfigurationName</key>
			<string>Release</string>
			<key>isa</key>
			<string>XCConfigurationList</string>
		</dict>
		<key>969E2CA61CDD9D1B00FB6DAA</key>
		<dict>
			<key>buildActionMask</key>
			<string>2147483647</string>
			<key>files</key>
			<array>
				<string>969E2CB51CDD9D1C00FB6DAA</string>
				<string>969E2CB21CDD9D1C00FB6DAA</string>
				<string>969E2CAF1CDD9D1C00FB6DAA</string>
			</array>
			<key>isa</key>
			<string>PBXSourcesBuildPhase</string>
			<key>runOnlyForDeploymentPostprocessing</key>
			<string>0</string>
		</dict>
		<key>969E2CA71CDD9D1B00FB6DAA</key>
		<dict>
			<key>buildActionMask</key>
			<string>2147483647</string>
			<key>files</key>
			<array>
				<string>F1CF3605C24124A783CE6F23</string>
			</array>
			<key>isa</key>
			<string>PBXFrameworksBuildPhase</string>
			<key>runOnlyForDeploymentPostprocessing</key>
			<string>0</string>
		</dict>
		<key>969E2CA81CDD9D1B00FB6DAA</key>
		<dict>
			<key>buildActionMask</key>
			<string>2147483647</string>
			<key>files</key>
			<array>
				<string>969E2CBD1CDD9D1C00FB6DAA</string>
				<string>969E2CBA1CDD9D1C00FB6DAA</string>
				<string>969E2CB81CDD9D1C00FB6DAA</string>
			</array>
			<key>isa</key>
			<string>PBXResourcesBuildPhase</string>
			<key>runOnlyForDeploymentPostprocessing</key>
			<string>0</string>
		</dict>
		<key>969E2CA91CDD9D1B00FB6DAA</key>
		<dict>
			<key>buildConfigurationList</key>
			<string>969E2CD71CDD9D1C00FB6DAA</string>
			<key>buildPhases</key>
			<array>
				<string>EAC5AD88CB78D1DF76E07872</string>
				<string>969E2CA61CDD9D1B00FB6DAA</string>
				<string>969E2CA71CDD9D1B00FB6DAA</string>
				<string>969E2CA81CDD9D1B00FB6DAA</string>
				<string>585B7AD8ECF9EFC3003D9145</string>
				<string>57C458890B9A470EC7791DD5</string>
			</array>
			<key>buildRules</key>
			<array/>
			<key>dependencies</key>
			<array/>
			<key>isa</key>
			<string>PBXNativeTarget</string>
			<key>name</key>
			<string>NJ JAMZIT</string>
			<key>productName</key>
			<string>NJ JAMZIT</string>
			<key>productReference</key>
			<string>969E2CAA1CDD9D1B00FB6DAA</string>
			<key>productType</key>
			<string>com.apple.product-type.application</string>
		</dict>
		<key>969E2CAA1CDD9D1B00FB6DAA</key>
		<dict>
			<key>explicitFileType</key>
			<string>wrapper.application</string>
			<key>includeInIndex</key>
			<string>0</string>
			<key>isa</key>
			<string>PBXFileReference</string>
			<key>path</key>
			<string>NJ JAMZIT.app</string>
			<key>sourceTree</key>
			<string>BUILT_PRODUCTS_DIR</string>
		</dict>
		<key>969E2CAB1CDD9D1B00FB6DAA</key>
		<dict>
			<key>children</key>
			<array>
				<string>969E2CAA1CDD9D1B00FB6DAA</string>
				<string>969E2CC31CDD9D1C00FB6DAA</string>
				<string>969E2CCE1CDD9D1C00FB6DAA</string>
			</array>
			<key>isa</key>
			<string>PBXGroup</string>
			<key>name</key>
			<string>Products</string>
			<key>sourceTree</key>
			<string>&lt;group&gt;</string>
		</dict>
		<key>969E2CAC1CDD9D1C00FB6DAA</key>
		<dict>
			<key>children</key>
			<array>
				<string>969E2CB01CDD9D1C00FB6DAA</string>
				<string>969E2CB11CDD9D1C00FB6DAA</string>
				<string>969E2CB31CDD9D1C00FB6DAA</string>
				<string>969E2CB41CDD9D1C00FB6DAA</string>
				<string>969E2CB61CDD9D1C00FB6DAA</string>
				<string>969E2CB91CDD9D1C00FB6DAA</string>
				<string>969E2CBB1CDD9D1C00FB6DAA</string>
				<string>969E2CBE1CDD9D1C00FB6DAA</string>
				<string>969E2CAD1CDD9D1C00FB6DAA</string>
			</array>
			<key>isa</key>
			<string>PBXGroup</string>
			<key>path</key>
			<string>NJ JAMZIT</string>
			<key>sourceTree</key>
			<string>&lt;group&gt;</string>
		</dict>
		<key>969E2CAD1CDD9D1C00FB6DAA</key>
		<dict>
			<key>children</key>
			<array>
				<string>969E2CAE1CDD9D1C00FB6DAA</string>
			</array>
			<key>isa</key>
			<string>PBXGroup</string>
			<key>name</key>
			<string>Supporting Files</string>
			<key>sourceTree</key>
			<string>&lt;group&gt;</string>
		</dict>
		<key>969E2CAE1CDD9D1C00FB6DAA</key>
		<dict>
			<key>isa</key>
			<string>PBXFileReference</string>
			<key>lastKnownFileType</key>
			<string>sourcecode.c.objc</string>
			<key>path</key>
			<string>main.m</string>
			<key>sourceTree</key>
			<string>&lt;group&gt;</string>
		</dict>
		<key>969E2CAF1CDD9D1C00FB6DAA</key>
		<dict>
			<key>fileRef</key>
			<string>969E2CAE1CDD9D1C00FB6DAA</string>
			<key>isa</key>
			<string>PBXBuildFile</string>
		</dict>
		<key>969E2CB01CDD9D1C00FB6DAA</key>
		<dict>
			<key>isa</key>
			<string>PBXFileReference</string>
			<key>lastKnownFileType</key>
			<string>sourcecode.c.h</string>
			<key>path</key>
			<string>AppDelegate.h</string>
			<key>sourceTree</key>
			<string>&lt;group&gt;</string>
		</dict>
		<key>969E2CB11CDD9D1C00FB6DAA</key>
		<dict>
			<key>isa</key>
			<string>PBXFileReference</string>
			<key>lastKnownFileType</key>
			<string>sourcecode.c.objc</string>
			<key>path</key>
			<string>AppDelegate.m</string>
			<key>sourceTree</key>
			<string>&lt;group&gt;</string>
		</dict>
		<key>969E2CB21CDD9D1C00FB6DAA</key>
		<dict>
			<key>fileRef</key>
			<string>969E2CB11CDD9D1C00FB6DAA</string>
			<key>isa</key>
			<string>PBXBuildFile</string>
		</dict>
		<key>969E2CB31CDD9D1C00FB6DAA</key>
		<dict>
			<key>isa</key>
			<string>PBXFileReference</string>
			<key>lastKnownFileType</key>
			<string>sourcecode.c.h</string>
			<key>path</key>
			<string>ViewController.h</string>
			<key>sourceTree</key>
			<string>&lt;group&gt;</string>
		</dict>
		<key>969E2CB41CDD9D1C00FB6DAA</key>
		<dict>
			<key>isa</key>
			<string>PBXFileReference</string>
			<key>lastKnownFileType</key>
			<string>sourcecode.c.objc</string>
			<key>path</key>
			<string>ViewController.m</string>
			<key>sourceTree</key>
			<string>&lt;group&gt;</string>
		</dict>
		<key>969E2CB51CDD9D1C00FB6DAA</key>
		<dict>
			<key>fileRef</key>
			<string>969E2CB41CDD9D1C00FB6DAA</string>
			<key>isa</key>
			<string>PBXBuildFile</string>
		</dict>
		<key>969E2CB61CDD9D1C00FB6DAA</key>
		<dict>
			<key>children</key>
			<array>
				<string>969E2CB71CDD9D1C00FB6DAA</string>
			</array>
			<key>isa</key>
			<string>PBXVariantGroup</string>
			<key>name</key>
			<string>Main.storyboard</string>
			<key>sourceTree</key>
			<string>&lt;group&gt;</string>
		</dict>
		<key>969E2CB71CDD9D1C00FB6DAA</key>
		<dict>
			<key>isa</key>
			<string>PBXFileReference</string>
			<key>lastKnownFileType</key>
			<string>file.storyboard</string>
			<key>name</key>
			<string>Base</string>
			<key>path</key>
			<string>Base.lproj/Main.storyboard</string>
			<key>sourceTree</key>
			<string>&lt;group&gt;</string>
		</dict>
		<key>969E2CB81CDD9D1C00FB6DAA</key>
		<dict>
			<key>fileRef</key>
			<string>969E2CB61CDD9D1C00FB6DAA</string>
			<key>isa</key>
			<string>PBXBuildFile</string>
		</dict>
		<key>969E2CB91CDD9D1C00FB6DAA</key>
		<dict>
			<key>isa</key>
			<string>PBXFileReference</string>
			<key>lastKnownFileType</key>
			<string>folder.assetcatalog</string>
			<key>path</key>
			<string>Assets.xcassets</string>
			<key>sourceTree</key>
			<string>&lt;group&gt;</string>
		</dict>
		<key>969E2CBA1CDD9D1C00FB6DAA</key>
		<dict>
			<key>fileRef</key>
			<string>969E2CB91CDD9D1C00FB6DAA</string>
			<key>isa</key>
			<string>PBXBuildFile</string>
		</dict>
		<key>969E2CBB1CDD9D1C00FB6DAA</key>
		<dict>
			<key>children</key>
			<array>
				<string>969E2CBC1CDD9D1C00FB6DAA</string>
			</array>
			<key>isa</key>
			<string>PBXVariantGroup</string>
			<key>name</key>
			<string>LaunchScreen.storyboard</string>
			<key>sourceTree</key>
			<string>&lt;group&gt;</string>
		</dict>
		<key>969E2CBC1CDD9D1C00FB6DAA</key>
		<dict>
			<key>isa</key>
			<string>PBXFileReference</string>
			<key>lastKnownFileType</key>
			<string>file.storyboard</string>
			<key>name</key>
			<string>Base</string>
			<key>path</key>
			<string>Base.lproj/LaunchScreen.storyboard</string>
			<key>sourceTree</key>
			<string>&lt;group&gt;</string>
		</dict>
		<key>969E2CBD1CDD9D1C00FB6DAA</key>
		<dict>
			<key>fileRef</key>
			<string>969E2CBB1CDD9D1C00FB6DAA</string>
			<key>isa</key>
			<string>PBXBuildFile</string>
		</dict>
		<key>969E2CBE1CDD9D1C00FB6DAA</key>
		<dict>
			<key>isa</key>
			<string>PBXFileReference</string>
			<key>lastKnownFileType</key>
			<string>text.plist.xml</string>
			<key>path</key>
			<string>Info.plist</string>
			<key>sourceTree</key>
			<string>&lt;group&gt;</string>
		</dict>
		<key>969E2CBF1CDD9D1C00FB6DAA</key>
		<dict>
			<key>buildActionMask</key>
			<string>2147483647</string>
			<key>files</key>
			<array>
				<string>969E2CC81CDD9D1C00FB6DAA</string>
			</array>
			<key>isa</key>
			<string>PBXSourcesBuildPhase</string>
			<key>runOnlyForDeploymentPostprocessing</key>
			<string>0</string>
		</dict>
		<key>969E2CC01CDD9D1C00FB6DAA</key>
		<dict>
			<key>buildActionMask</key>
			<string>2147483647</string>
			<key>files</key>
			<array/>
			<key>isa</key>
			<string>PBXFrameworksBuildPhase</string>
			<key>runOnlyForDeploymentPostprocessing</key>
			<string>0</string>
		</dict>
		<key>969E2CC11CDD9D1C00FB6DAA</key>
		<dict>
			<key>buildActionMask</key>
			<string>2147483647</string>
			<key>files</key>
			<array/>
			<key>isa</key>
			<string>PBXResourcesBuildPhase</string>
			<key>runOnlyForDeploymentPostprocessing</key>
			<string>0</string>
		</dict>
		<key>969E2CC21CDD9D1C00FB6DAA</key>
		<dict>
			<key>buildConfigurationList</key>
			<string>969E2CDA1CDD9D1C00FB6DAA</string>
			<key>buildPhases</key>
			<array>
				<string>969E2CBF1CDD9D1C00FB6DAA</string>
				<string>969E2CC01CDD9D1C00FB6DAA</string>
				<string>969E2CC11CDD9D1C00FB6DAA</string>
			</array>
			<key>buildRules</key>
			<array/>
			<key>dependencies</key>
			<array>
				<string>969E2CC51CDD9D1C00FB6DAA</string>
			</array>
			<key>isa</key>
			<string>PBXNativeTarget</string>
			<key>name</key>
			<string>NJ JAMZITTests</string>
			<key>productName</key>
			<string>NJ JAMZITTests</string>
			<key>productReference</key>
			<string>969E2CC31CDD9D1C00FB6DAA</string>
			<key>productType</key>
			<string>com.apple.product-type.bundle.unit-test</string>
		</dict>
		<key>969E2CC31CDD9D1C00FB6DAA</key>
		<dict>
			<key>explicitFileType</key>
			<string>wrapper.cfbundle</string>
			<key>includeInIndex</key>
			<string>0</string>
			<key>isa</key>
			<string>PBXFileReference</string>
			<key>path</key>
			<string>NJ JAMZITTests.xctest</string>
			<key>sourceTree</key>
			<string>BUILT_PRODUCTS_DIR</string>
		</dict>
		<key>969E2CC41CDD9D1C00FB6DAA</key>
		<dict>
			<key>containerPortal</key>
			<string>969E2CA21CDD9D1B00FB6DAA</string>
			<key>isa</key>
			<string>PBXContainerItemProxy</string>
			<key>proxyType</key>
			<string>1</string>
			<key>remoteGlobalIDString</key>
			<string>969E2CA91CDD9D1B00FB6DAA</string>
			<key>remoteInfo</key>
			<string>NJ JAMZIT</string>
		</dict>
		<key>969E2CC51CDD9D1C00FB6DAA</key>
		<dict>
			<key>isa</key>
			<string>PBXTargetDependency</string>
			<key>target</key>
			<string>969E2CA91CDD9D1B00FB6DAA</string>
			<key>targetProxy</key>
			<string>969E2CC41CDD9D1C00FB6DAA</string>
		</dict>
		<key>969E2CC61CDD9D1C00FB6DAA</key>
		<dict>
			<key>children</key>
			<array>
				<string>969E2CC71CDD9D1C00FB6DAA</string>
				<string>969E2CC91CDD9D1C00FB6DAA</string>
			</array>
			<key>isa</key>
			<string>PBXGroup</string>
			<key>path</key>
			<string>NJ JAMZITTests</string>
			<key>sourceTree</key>
			<string>&lt;group&gt;</string>
		</dict>
		<key>969E2CC71CDD9D1C00FB6DAA</key>
		<dict>
			<key>isa</key>
			<string>PBXFileReference</string>
			<key>lastKnownFileType</key>
			<string>sourcecode.c.objc</string>
			<key>path</key>
			<string>NJ_JAMZITTests.m</string>
			<key>sourceTree</key>
			<string>&lt;group&gt;</string>
		</dict>
		<key>969E2CC81CDD9D1C00FB6DAA</key>
		<dict>
			<key>fileRef</key>
			<string>969E2CC71CDD9D1C00FB6DAA</string>
			<key>isa</key>
			<string>PBXBuildFile</string>
		</dict>
		<key>969E2CC91CDD9D1C00FB6DAA</key>
		<dict>
			<key>isa</key>
			<string>PBXFileReference</string>
			<key>lastKnownFileType</key>
			<string>text.plist.xml</string>
			<key>path</key>
			<string>Info.plist</string>
			<key>sourceTree</key>
			<string>&lt;group&gt;</string>
		</dict>
		<key>969E2CCA1CDD9D1C00FB6DAA</key>
		<dict>
			<key>buildActionMask</key>
			<string>2147483647</string>
			<key>files</key>
			<array>
				<string>969E2CD31CDD9D1C00FB6DAA</string>
			</array>
			<key>isa</key>
			<string>PBXSourcesBuildPhase</string>
			<key>runOnlyForDeploymentPostprocessing</key>
			<string>0</string>
		</dict>
		<key>969E2CCB1CDD9D1C00FB6DAA</key>
		<dict>
			<key>buildActionMask</key>
			<string>2147483647</string>
			<key>files</key>
			<array/>
			<key>isa</key>
			<string>PBXFrameworksBuildPhase</string>
			<key>runOnlyForDeploymentPostprocessing</key>
			<string>0</string>
		</dict>
		<key>969E2CCC1CDD9D1C00FB6DAA</key>
		<dict>
			<key>buildActionMask</key>
			<string>2147483647</string>
			<key>files</key>
			<array/>
			<key>isa</key>
			<string>PBXResourcesBuildPhase</string>
			<key>runOnlyForDeploymentPostprocessing</key>
			<string>0</string>
		</dict>
		<key>969E2CCD1CDD9D1C00FB6DAA</key>
		<dict>
			<key>buildConfigurationList</key>
			<string>969E2CDD1CDD9D1C00FB6DAA</string>
			<key>buildPhases</key>
			<array>
				<string>969E2CCA1CDD9D1C00FB6DAA</string>
				<string>969E2CCB1CDD9D1C00FB6DAA</string>
				<string>969E2CCC1CDD9D1C00FB6DAA</string>
			</array>
			<key>buildRules</key>
			<array/>
			<key>dependencies</key>
			<array>
				<string>969E2CD01CDD9D1C00FB6DAA</string>
			</array>
			<key>isa</key>
			<string>PBXNativeTarget</string>
			<key>name</key>
			<string>NJ JAMZITUITests</string>
			<key>productName</key>
			<string>NJ JAMZITUITests</string>
			<key>productReference</key>
			<string>969E2CCE1CDD9D1C00FB6DAA</string>
			<key>productType</key>
			<string>com.apple.product-type.bundle.ui-testing</string>
		</dict>
		<key>969E2CCE1CDD9D1C00FB6DAA</key>
		<dict>
			<key>explicitFileType</key>
			<string>wrapper.cfbundle</string>
			<key>includeInIndex</key>
			<string>0</string>
			<key>isa</key>
			<string>PBXFileReference</string>
			<key>path</key>
			<string>NJ JAMZITUITests.xctest</string>
			<key>sourceTree</key>
			<string>BUILT_PRODUCTS_DIR</string>
		</dict>
		<key>969E2CCF1CDD9D1C00FB6DAA</key>
		<dict>
			<key>containerPortal</key>
			<string>969E2CA21CDD9D1B00FB6DAA</string>
			<key>isa</key>
			<string>PBXContainerItemProxy</string>
			<key>proxyType</key>
			<string>1</string>
			<key>remoteGlobalIDString</key>
			<string>969E2CA91CDD9D1B00FB6DAA</string>
			<key>remoteInfo</key>
			<string>NJ JAMZIT</string>
		</dict>
		<key>969E2CD01CDD9D1C00FB6DAA</key>
		<dict>
			<key>isa</key>
			<string>PBXTargetDependency</string>
			<key>target</key>
			<string>969E2CA91CDD9D1B00FB6DAA</string>
			<key>targetProxy</key>
			<string>969E2CCF1CDD9D1C00FB6DAA</string>
		</dict>
		<key>969E2CD11CDD9D1C00FB6DAA</key>
		<dict>
			<key>children</key>
			<array>
				<string>969E2CD21CDD9D1C00FB6DAA</string>
				<string>969E2CD41CDD9D1C00FB6DAA</string>
			</array>
			<key>isa</key>
			<string>PBXGroup</string>
			<key>path</key>
			<string>NJ JAMZITUITests</string>
			<key>sourceTree</key>
			<string>&lt;group&gt;</string>
		</dict>
		<key>969E2CD21CDD9D1C00FB6DAA</key>
		<dict>
			<key>isa</key>
			<string>PBXFileReference</string>
			<key>lastKnownFileType</key>
			<string>sourcecode.c.objc</string>
			<key>path</key>
			<string>NJ_JAMZITUITests.m</string>
			<key>sourceTree</key>
			<string>&lt;group&gt;</string>
		</dict>
		<key>969E2CD31CDD9D1C00FB6DAA</key>
		<dict>
			<key>fileRef</key>
			<string>969E2CD21CDD9D1C00FB6DAA</string>
			<key>isa</key>
			<string>PBXBuildFile</string>
		</dict>
		<key>969E2CD41CDD9D1C00FB6DAA</key>
		<dict>
			<key>isa</key>
			<string>PBXFileReference</string>
			<key>lastKnownFileType</key>
			<string>text.plist.xml</string>
			<key>path</key>
			<string>Info.plist</string>
			<key>sourceTree</key>
			<string>&lt;group&gt;</string>
		</dict>
		<key>969E2CD51CDD9D1C00FB6DAA</key>
		<dict>
			<key>buildSettings</key>
			<dict>
				<key>ALWAYS_SEARCH_USER_PATHS</key>
				<string>NO</string>
				<key>CLANG_ANALYZER_NONNULL</key>
				<string>YES</string>
				<key>CLANG_CXX_LANGUAGE_STANDARD</key>
				<string>gnu++0x</string>
				<key>CLANG_CXX_LIBRARY</key>
				<string>libc++</string>
				<key>CLANG_ENABLE_MODULES</key>
				<string>YES</string>
				<key>CLANG_ENABLE_OBJC_ARC</key>
				<string>YES</string>
				<key>CLANG_WARN_BOOL_CONVERSION</key>
				<string>YES</string>
				<key>CLANG_WARN_CONSTANT_CONVERSION</key>
				<string>YES</string>
				<key>CLANG_WARN_DIRECT_OBJC_ISA_USAGE</key>
				<string>YES_ERROR</string>
				<key>CLANG_WARN_EMPTY_BODY</key>
				<string>YES</string>
				<key>CLANG_WARN_ENUM_CONVERSION</key>
				<string>YES</string>
				<key>CLANG_WARN_INT_CONVERSION</key>
				<string>YES</string>
				<key>CLANG_WARN_OBJC_ROOT_CLASS</key>
				<string>YES_ERROR</string>
				<key>CLANG_WARN_UNREACHABLE_CODE</key>
				<string>YES</string>
				<key>CLANG_WARN__DUPLICATE_METHOD_MATCH</key>
				<string>YES</string>
				<key>CODE_SIGN_IDENTITY[sdk=iphoneos*]</key>
				<string>iPhone Developer</string>
				<key>COPY_PHASE_STRIP</key>
				<string>NO</string>
				<key>DEBUG_INFORMATION_FORMAT</key>
				<string>dwarf</string>
				<key>ENABLE_STRICT_OBJC_MSGSEND</key>
				<string>YES</string>
				<key>ENABLE_TESTABILITY</key>
				<string>YES</string>
				<key>GCC_C_LANGUAGE_STANDARD</key>
				<string>gnu99</string>
				<key>GCC_DYNAMIC_NO_PIC</key>
				<string>NO</string>
				<key>GCC_NO_COMMON_BLOCKS</key>
				<string>YES</string>
				<key>GCC_OPTIMIZATION_LEVEL</key>
				<string>0</string>
				<key>GCC_PREPROCESSOR_DEFINITIONS</key>
				<array>
					<string>DEBUG=1</string>
					<string>$(inherited)</string>
				</array>
				<key>GCC_WARN_64_TO_32_BIT_CONVERSION</key>
				<string>YES</string>
				<key>GCC_WARN_ABOUT_RETURN_TYPE</key>
				<string>YES_ERROR</string>
				<key>GCC_WARN_UNDECLARED_SELECTOR</key>
				<string>YES</string>
				<key>GCC_WARN_UNINITIALIZED_AUTOS</key>
				<string>YES_AGGRESSIVE</string>
				<key>GCC_WARN_UNUSED_FUNCTION</key>
				<string>YES</string>
				<key>GCC_WARN_UNUSED_VARIABLE</key>
				<string>YES</string>
				<key>IPHONEOS_DEPLOYMENT_TARGET</key>
				<string>9.3</string>
				<key>MTL_ENABLE_DEBUG_INFO</key>
				<string>YES</string>
				<key>ONLY_ACTIVE_ARCH</key>
				<string>YES</string>
				<key>SDKROOT</key>
				<string>iphoneos</string>
				<key>TARGETED_DEVICE_FAMILY</key>
				<string>1,2</string>
			</dict>
			<key>isa</key>
			<string>XCBuildConfiguration</string>
			<key>name</key>
			<string>Debug</string>
		</dict>
		<key>969E2CD61CDD9D1C00FB6DAA</key>
		<dict>
			<key>buildSettings</key>
			<dict>
				<key>ALWAYS_SEARCH_USER_PATHS</key>
				<string>NO</string>
				<key>CLANG_ANALYZER_NONNULL</key>
				<string>YES</string>
				<key>CLANG_CXX_LANGUAGE_STANDARD</key>
				<string>gnu++0x</string>
				<key>CLANG_CXX_LIBRARY</key>
				<string>libc++</string>
				<key>CLANG_ENABLE_MODULES</key>
				<string>YES</string>
				<key>CLANG_ENABLE_OBJC_ARC</key>
				<string>YES</string>
				<key>CLANG_WARN_BOOL_CONVERSION</key>
				<string>YES</string>
				<key>CLANG_WARN_CONSTANT_CONVERSION</key>
				<string>YES</string>
				<key>CLANG_WARN_DIRECT_OBJC_ISA_USAGE</key>
				<string>YES_ERROR</string>
				<key>CLANG_WARN_EMPTY_BODY</key>
				<string>YES</string>
				<key>CLANG_WARN_ENUM_CONVERSION</key>
				<string>YES</string>
				<key>CLANG_WARN_INT_CONVERSION</key>
				<string>YES</string>
				<key>CLANG_WARN_OBJC_ROOT_CLASS</key>
				<string>YES_ERROR</string>
				<key>CLANG_WARN_UNREACHABLE_CODE</key>
				<string>YES</string>
				<key>CLANG_WARN__DUPLICATE_METHOD_MATCH</key>
				<string>YES</string>
				<key>CODE_SIGN_IDENTITY[sdk=iphoneos*]</key>
				<string>iPhone Developer</string>
				<key>COPY_PHASE_STRIP</key>
				<string>NO</string>
				<key>DEBUG_INFORMATION_FORMAT</key>
				<string>dwarf-with-dsym</string>
				<key>ENABLE_NS_ASSERTIONS</key>
				<string>NO</string>
				<key>ENABLE_STRICT_OBJC_MSGSEND</key>
				<string>YES</string>
				<key>GCC_C_LANGUAGE_STANDARD</key>
				<string>gnu99</string>
				<key>GCC_NO_COMMON_BLOCKS</key>
				<string>YES</string>
				<key>GCC_WARN_64_TO_32_BIT_CONVERSION</key>
				<string>YES</string>
				<key>GCC_WARN_ABOUT_RETURN_TYPE</key>
				<string>YES_ERROR</string>
				<key>GCC_WARN_UNDECLARED_SELECTOR</key>
				<string>YES</string>
				<key>GCC_WARN_UNINITIALIZED_AUTOS</key>
				<string>YES_AGGRESSIVE</string>
				<key>GCC_WARN_UNUSED_FUNCTION</key>
				<string>YES</string>
				<key>GCC_WARN_UNUSED_VARIABLE</key>
				<string>YES</string>
				<key>IPHONEOS_DEPLOYMENT_TARGET</key>
				<string>9.3</string>
				<key>MTL_ENABLE_DEBUG_INFO</key>
				<string>NO</string>
				<key>SDKROOT</key>
				<string>iphoneos</string>
				<key>TARGETED_DEVICE_FAMILY</key>
				<string>1,2</string>
				<key>VALIDATE_PRODUCT</key>
				<string>YES</string>
			</dict>
			<key>isa</key>
			<string>XCBuildConfiguration</string>
			<key>name</key>
			<string>Release</string>
		</dict>
		<key>969E2CD71CDD9D1C00FB6DAA</key>
		<dict>
			<key>buildConfigurations</key>
			<array>
				<string>969E2CD81CDD9D1C00FB6DAA</string>
				<string>969E2CD91CDD9D1C00FB6DAA</string>
			</array>
			<key>defaultConfigurationIsVisible</key>
			<string>0</string>
			<key>isa</key>
			<string>XCConfigurationList</string>
		</dict>
		<key>969E2CD81CDD9D1C00FB6DAA</key>
		<dict>
			<key>baseConfigurationReference</key>
			<string>A8B18851B7349F162283BA56</string>
			<key>buildSettings</key>
			<dict>
				<key>ASSETCATALOG_COMPILER_APPICON_NAME</key>
				<string>AppIcon</string>
				<key>INFOPLIST_FILE</key>
				<string>NJ JAMZIT/Info.plist</string>
				<key>LD_RUNPATH_SEARCH_PATHS</key>
				<string>$(inherited) @executable_path/Frameworks</string>
				<key>PRODUCT_BUNDLE_IDENTIFIER</key>
				<string>jason.harris.NJ-JAMZIT</string>
				<key>PRODUCT_NAME</key>
				<string>$(TARGET_NAME)</string>
			</dict>
			<key>isa</key>
			<string>XCBuildConfiguration</string>
			<key>name</key>
			<string>Debug</string>
		</dict>
		<key>969E2CD91CDD9D1C00FB6DAA</key>
		<dict>
			<key>baseConfigurationReference</key>
			<string>CFE56B868AFF82E6B91B4A9D</string>
			<key>buildSettings</key>
			<dict>
				<key>ASSETCATALOG_COMPILER_APPICON_NAME</key>
				<string>AppIcon</string>
				<key>INFOPLIST_FILE</key>
				<string>NJ JAMZIT/Info.plist</string>
				<key>LD_RUNPATH_SEARCH_PATHS</key>
				<string>$(inherited) @executable_path/Frameworks</string>
				<key>PRODUCT_BUNDLE_IDENTIFIER</key>
				<string>jason.harris.NJ-JAMZIT</string>
				<key>PRODUCT_NAME</key>
				<string>$(TARGET_NAME)</string>
			</dict>
			<key>isa</key>
			<string>XCBuildConfiguration</string>
			<key>name</key>
			<string>Release</string>
		</dict>
		<key>969E2CDA1CDD9D1C00FB6DAA</key>
		<dict>
			<key>buildConfigurations</key>
			<array>
				<string>969E2CDB1CDD9D1C00FB6DAA</string>
				<string>969E2CDC1CDD9D1C00FB6DAA</string>
			</array>
			<key>defaultConfigurationIsVisible</key>
			<string>0</string>
			<key>isa</key>
			<string>XCConfigurationList</string>
		</dict>
		<key>969E2CDB1CDD9D1C00FB6DAA</key>
		<dict>
			<key>buildSettings</key>
			<dict>
				<key>BUNDLE_LOADER</key>
				<string>$(TEST_HOST)</string>
				<key>INFOPLIST_FILE</key>
				<string>NJ JAMZITTests/Info.plist</string>
				<key>LD_RUNPATH_SEARCH_PATHS</key>
				<string>$(inherited) @executable_path/Frameworks @loader_path/Frameworks</string>
				<key>PRODUCT_BUNDLE_IDENTIFIER</key>
				<string>jason.harris.NJ-JAMZITTests</string>
				<key>PRODUCT_NAME</key>
				<string>$(TARGET_NAME)</string>
				<key>TEST_HOST</key>
				<string>$(BUILT_PRODUCTS_DIR)/NJ JAMZIT.app/NJ JAMZIT</string>
			</dict>
			<key>isa</key>
			<string>XCBuildConfiguration</string>
			<key>name</key>
			<string>Debug</string>
		</dict>
		<key>969E2CDC1CDD9D1C00FB6DAA</key>
		<dict>
			<key>buildSettings</key>
			<dict>
				<key>BUNDLE_LOADER</key>
				<string>$(TEST_HOST)</string>
				<key>INFOPLIST_FILE</key>
				<string>NJ JAMZITTests/Info.plist</string>
				<key>LD_RUNPATH_SEARCH_PATHS</key>
				<string>$(inherited) @executable_path/Frameworks @loader_path/Frameworks</string>
				<key>PRODUCT_BUNDLE_IDENTIFIER</key>
				<string>jason.harris.NJ-JAMZITTests</string>
				<key>PRODUCT_NAME</key>
				<string>$(TARGET_NAME)</string>
				<key>TEST_HOST</key>
				<string>$(BUILT_PRODUCTS_DIR)/NJ JAMZIT.app/NJ JAMZIT</string>
			</dict>
			<key>isa</key>
			<string>XCBuildConfiguration</string>
			<key>name</key>
			<string>Release</string>
		</dict>
		<key>969E2CDD1CDD9D1C00FB6DAA</key>
		<dict>
			<key>buildConfigurations</key>
			<array>
				<string>969E2CDE1CDD9D1C00FB6DAA</string>
				<string>969E2CDF1CDD9D1C00FB6DAA</string>
			</array>
			<key>defaultConfigurationIsVisible</key>
			<string>0</string>
			<key>isa</key>
			<string>XCConfigurationList</string>
		</dict>
		<key>969E2CDE1CDD9D1C00FB6DAA</key>
		<dict>
			<key>buildSettings</key>
			<dict>
				<key>INFOPLIST_FILE</key>
				<string>NJ JAMZITUITests/Info.plist</string>
				<key>LD_RUNPATH_SEARCH_PATHS</key>
				<string>$(inherited) @executable_path/Frameworks @loader_path/Frameworks</string>
				<key>PRODUCT_BUNDLE_IDENTIFIER</key>
				<string>jason.harris.NJ-JAMZITUITests</string>
				<key>PRODUCT_NAME</key>
				<string>$(TARGET_NAME)</string>
				<key>TEST_TARGET_NAME</key>
				<string>NJ JAMZIT</string>
			</dict>
			<key>isa</key>
			<string>XCBuildConfiguration</string>
			<key>name</key>
			<string>Debug</string>
		</dict>
		<key>969E2CDF1CDD9D1C00FB6DAA</key>
		<dict>
			<key>buildSettings</key>
			<dict>
				<key>INFOPLIST_FILE</key>
				<string>NJ JAMZITUITests/Info.plist</string>
				<key>LD_RUNPATH_SEARCH_PATHS</key>
				<string>$(inherited) @executable_path/Frameworks @loader_path/Frameworks</string>
				<key>PRODUCT_BUNDLE_IDENTIFIER</key>
				<string>jason.harris.NJ-JAMZITUITests</string>
				<key>PRODUCT_NAME</key>
				<string>$(TARGET_NAME)</string>
				<key>TEST_TARGET_NAME</key>
				<string>NJ JAMZIT</string>
			</dict>
			<key>isa</key>
			<string>XCBuildConfiguration</string>
			<key>name</key>
			<string>Release</string>
		</dict>
		<key>9A91AADAD91A0408D7DA274E</key>
		<dict>
			<key>children</key>
			<array>
				<string>6BD17FBFBDB07661EE2FA240</string>
			</array>
			<key>isa</key>
			<string>PBXGroup</string>
			<key>name</key>
			<string>Frameworks</string>
			<key>sourceTree</key>
			<string>&lt;group&gt;</string>
		</dict>
		<key>A8B18851B7349F162283BA56</key>
		<dict>
			<key>includeInIndex</key>
			<string>1</string>
			<key>isa</key>
			<string>PBXFileReference</string>
			<key>lastKnownFileType</key>
			<string>text.xcconfig</string>
			<key>name</key>
			<string>Pods-NJ JAMZIT.debug.xcconfig</string>
			<key>path</key>
			<string>Pods/Target Support Files/Pods-NJ JAMZIT/Pods-NJ JAMZIT.debug.xcconfig</string>
			<key>sourceTree</key>
			<string>&lt;group&gt;</string>
		</dict>
		<key>B123CE6653EFA46441184682</key>
		<dict>
			<key>children</key>
			<array>
				<string>A8B18851B7349F162283BA56</string>
				<string>CFE56B868AFF82E6B91B4A9D</string>
			</array>
			<key>isa</key>
			<string>PBXGroup</string>
			<key>name</key>
			<string>Pods</string>
			<key>sourceTree</key>
			<string>&lt;group&gt;</string>
		</dict>
		<key>CFE56B868AFF82E6B91B4A9D</key>
		<dict>
			<key>includeInIndex</key>
			<string>1</string>
			<key>isa</key>
			<string>PBXFileReference</string>
			<key>lastKnownFileType</key>
			<string>text.xcconfig</string>
			<key>name</key>
			<string>Pods-NJ JAMZIT.release.xcconfig</string>
			<key>path</key>
			<string>Pods/Target Support Files/Pods-NJ JAMZIT/Pods-NJ JAMZIT.release.xcconfig</string>
			<key>sourceTree</key>
			<string>&lt;group&gt;</string>
		</dict>
		<key>EAC5AD88CB78D1DF76E07872</key>
		<dict>
			<key>buildActionMask</key>
			<string>2147483647</string>
			<key>files</key>
			<array/>
			<key>inputPaths</key>
			<array/>
			<key>isa</key>
			<string>PBXShellScriptBuildPhase</string>
			<key>name</key>
			<string>Check Pods Manifest.lock</string>
			<key>outputPaths</key>
			<array/>
			<key>runOnlyForDeploymentPostprocessing</key>
			<string>0</string>
			<key>shellPath</key>
			<string>/bin/sh</string>
			<key>shellScript</key>
			<string>diff "${PODS_ROOT}/../Podfile.lock" "${PODS_ROOT}/Manifest.lock" &gt; /dev/null
if [[ $? != 0 ]] ; then
    cat &lt;&lt; EOM
error: The sandbox is not in sync with the Podfile.lock. Run 'pod install' or update your CocoaPods installation.
EOM
    exit 1
fi
</string>
			<key>showEnvVarsInLog</key>
			<string>0</string>
		</dict>
		<key>F1CF3605C24124A783CE6F23</key>
		<dict>
			<key>fileRef</key>
			<string>6BD17FBFBDB07661EE2FA240</string>
			<key>isa</key>
			<string>PBXBuildFile</string>
		</dict>
	</dict>
	<key>rootObject</key>
	<string>969E2CA21CDD9D1B00FB6DAA</string>
</dict>
</plist>
